
Microsoft Visual Studio Solution File, Format Version 12.00
# Visual Studio 2012
Project("{FAE04EC0-301F-11D3-BF4B-00C04F79EFBC}") = "DesignerTool", "DesignerTool\DesignerTool.csproj", "{B09DC797-E9CD-4A44-AFB3-7FDCE78F85A0}"
EndProject
Project("{FAE04EC0-301F-11D3-BF4B-00C04F79EFBC}") = "DesignerTool.Common", "DesignerTool.Common\DesignerTool.Common.csproj", "{3A07B822-D3E9-4665-9EF9-B8ADFCE69E75}"
EndProject
Project("{2150E333-8FDC-42A3-9474-1A3956D46DE8}") = "_References", "_References", "{C310A4D2-4C76-4C8D-AD12-6ADEE25B061C}"
	ProjectSection(SolutionItems) = preProject
		_References\System.Windows.Interactivity.dll = _References\System.Windows.Interactivity.dll
	EndProjectSection
EndProject
Project("{FAE04EC0-301F-11D3-BF4B-00C04F79EFBC}") = "DesignerTool.Controls", "DesignerTool.Controls\DesignerTool.Controls.csproj", "{7794A439-E865-4C76-B907-6F7D64025C38}"
EndProject
Project("{FAE04EC0-301F-11D3-BF4B-00C04F79EFBC}") = "DesignerTool.Packing", "DesignerTool.Packing\DesignerTool.Packing.csproj", "{8BD2146A-8C48-42E3-8163-E5B2C96E0B33}"
EndProject
Project("{FAE04EC0-301F-11D3-BF4B-00C04F79EFBC}") = "DesignerTool.AppLogic", "DesignerTool.ViewModel\DesignerTool.AppLogic.csproj", "{B1B00085-3B52-4E33-9E4A-D4486D1B06CB}"
EndProject
Project("{FAE04EC0-301F-11D3-BF4B-00C04F79EFBC}") = "DesignerTool.Styles.Wpf", "DesignerTool.Styles.Wpf\DesignerTool.Styles.Wpf.csproj", "{5B1710D2-5DC8-4754-91B2-19165DE49B3D}"
EndProject
Project("{2150E333-8FDC-42A3-9474-1A3956D46DE8}") = "1. UI", "1. UI", "{B6DB5BEB-D03C-4D7C-93BD-D5476AAE3CE0}"
EndProject
Project("{2150E333-8FDC-42A3-9474-1A3956D46DE8}") = "2. AppLogic", "2. AppLogic", "{B31E9505-AD7B-4EF6-A8F0-0CD989BCF58F}"
EndProject
Project("{2150E333-8FDC-42A3-9474-1A3956D46DE8}") = "3. Common", "3. Common", "{893DE66D-EA6E-4665-9912-41EA9FE48DD7}"
EndProject
Global
	GlobalSection(SolutionConfigurationPlatforms) = preSolution
		Debug|Any CPU = Debug|Any CPU
		Release|Any CPU = Release|Any CPU
	EndGlobalSection
	GlobalSection(ProjectConfigurationPlatforms) = postSolution
		{B09DC797-E9CD-4A44-AFB3-7FDCE78F85A0}.Debug|Any CPU.ActiveCfg = Debug|Any CPU
		{B09DC797-E9CD-4A44-AFB3-7FDCE78F85A0}.Debug|Any CPU.Build.0 = Debug|Any CPU
		{B09DC797-E9CD-4A44-AFB3-7FDCE78F85A0}.Release|Any CPU.ActiveCfg = Release|Any CPU
		{B09DC797-E9CD-4A44-AFB3-7FDCE78F85A0}.Release|Any CPU.Build.0 = Release|Any CPU
		{3A07B822-D3E9-4665-9EF9-B8ADFCE69E75}.Debug|Any CPU.ActiveCfg = Debug|Any CPU
		{3A07B822-D3E9-4665-9EF9-B8ADFCE69E75}.Debug|Any CPU.Build.0 = Debug|Any CPU
		{3A07B822-D3E9-4665-9EF9-B8ADFCE69E75}.Release|Any CPU.ActiveCfg = Release|Any CPU
		{3A07B822-D3E9-4665-9EF9-B8ADFCE69E75}.Release|Any CPU.Build.0 = Release|Any CPU
		{7794A439-E865-4C76-B907-6F7D64025C38}.Debug|Any CPU.ActiveCfg = Debug|Any CPU
		{7794A439-E865-4C76-B907-6F7D64025C38}.Debug|Any CPU.Build.0 = Debug|Any CPU
		{7794A439-E865-4C76-B907-6F7D64025C38}.Release|Any CPU.ActiveCfg = Release|Any CPU
		{7794A439-E865-4C76-B907-6F7D64025C38}.Release|Any CPU.Build.0 = Release|Any CPU
		{8BD2146A-8C48-42E3-8163-E5B2C96E0B33}.Debug|Any CPU.ActiveCfg = Debug|Any CPU
		{8BD2146A-8C48-42E3-8163-E5B2C96E0B33}.Debug|Any CPU.Build.0 = Debug|Any CPU
		{8BD2146A-8C48-42E3-8163-E5B2C96E0B33}.Release|Any CPU.ActiveCfg = Release|Any CPU
		{8BD2146A-8C48-42E3-8163-E5B2C96E0B33}.Release|Any CPU.Build.0 = Release|Any CPU
		{B1B00085-3B52-4E33-9E4A-D4486D1B06CB}.Debug|Any CPU.ActiveCfg = Debug|Any CPU
		{B1B00085-3B52-4E33-9E4A-D4486D1B06CB}.Debug|Any CPU.Build.0 = Debug|Any CPU
		{B1B00085-3B52-4E33-9E4A-D4486D1B06CB}.Release|Any CPU.ActiveCfg = Release|Any CPU
		{B1B00085-3B52-4E33-9E4A-D4486D1B06CB}.Release|Any CPU.Build.0 = Release|Any CPU
		{5B1710D2-5DC8-4754-91B2-19165DE49B3D}.Debug|Any CPU.ActiveCfg = Debug|Any CPU
		{5B1710D2-5DC8-4754-91B2-19165DE49B3D}.Debug|Any CPU.Build.0 = Debug|Any CPU
		{5B1710D2-5DC8-4754-91B2-19165DE49B3D}.Release|Any CPU.ActiveCfg = Release|Any CPU
		{5B1710D2-5DC8-4754-91B2-19165DE49B3D}.Release|Any CPU.Build.0 = Release|Any CPU
	EndGlobalSection
	GlobalSection(SolutionProperties) = preSolution
		HideSolutionNode = FALSE
	EndGlobalSection
	GlobalSection(NestedProjects) = preSolution
		{5B1710D2-5DC8-4754-91B2-19165DE49B3D} = {B6DB5BEB-D03C-4D7C-93BD-D5476AAE3CE0}
		{7794A439-E865-4C76-B907-6F7D64025C38} = {B6DB5BEB-D03C-4D7C-93BD-D5476AAE3CE0}
		{B09DC797-E9CD-4A44-AFB3-7FDCE78F85A0} = {B6DB5BEB-D03C-4D7C-93BD-D5476AAE3CE0}
		{B1B00085-3B52-4E33-9E4A-D4486D1B06CB} = {B31E9505-AD7B-4EF6-A8F0-0CD989BCF58F}
		{8BD2146A-8C48-42E3-8163-E5B2C96E0B33} = {B31E9505-AD7B-4EF6-A8F0-0CD989BCF58F}
		{3A07B822-D3E9-4665-9EF9-B8ADFCE69E75} = {893DE66D-EA6E-4665-9912-41EA9FE48DD7}
	EndGlobalSection
EndGlobal
